
Microsoft Visual Studio Solution File, Format Version 12.00
# Visual Studio Version 17
VisualStudioVersion = 17.0.31903.59
MinimumVisualStudioVersion = 10.0.40219.1
Project("{FAE04EC0-301F-11D3-BF4B-00C04F79EFBC}") = "api", "api\api.csproj", "{17B805A5-F60A-4D71-81B7-AE4E744D83D6}"
EndProject
Project("{FAE04EC0-301F-11D3-BF4B-00C04F79EFBC}") = "api.UnitTests", "api.UnitTests\api.UnitTests.csproj", "{E047A0A1-4DC0-4783-8179-DAD72F2A8DA4}"
EndProject
Global
	GlobalSection(SolutionConfigurationPlatforms) = preSolution
		Debug|Any CPU = Debug|Any CPU
		Release|Any CPU = Release|Any CPU
	EndGlobalSection
	GlobalSection(SolutionProperties) = preSolution
		HideSolutionNode = FALSE
	EndGlobalSection
	GlobalSection(ProjectConfigurationPlatforms) = postSolution
		{17B805A5-F60A-4D71-81B7-AE4E744D83D6}.Debug|Any CPU.ActiveCfg = Debug|Any CPU
		{17B805A5-F60A-4D71-81B7-AE4E744D83D6}.Debug|Any CPU.Build.0 = Debug|Any CPU
		{17B805A5-F60A-4D71-81B7-AE4E744D83D6}.Release|Any CPU.ActiveCfg = Release|Any CPU
		{17B805A5-F60A-4D71-81B7-AE4E744D83D6}.Release|Any CPU.Build.0 = Release|Any CPU
		{E047A0A1-4DC0-4783-8179-DAD72F2A8DA4}.Debug|Any CPU.ActiveCfg = Debug|Any CPU
		{E047A0A1-4DC0-4783-8179-DAD72F2A8DA4}.Debug|Any CPU.Build.0 = Debug|Any CPU
		{E047A0A1-4DC0-4783-8179-DAD72F2A8DA4}.Release|Any CPU.ActiveCfg = Release|Any CPU
		{E047A0A1-4DC0-4783-8179-DAD72F2A8DA4}.Release|Any CPU.Build.0 = Release|Any CPU
		{2EA12ABA-DABD-4CEC-A8EE-4D56E0929744}.Debug|Any CPU.ActiveCfg = Debug|Any CPU
		{2EA12ABA-DABD-4CEC-A8EE-4D56E0929744}.Debug|Any CPU.Build.0 = Debug|Any CPU
		{2EA12ABA-DABD-4CEC-A8EE-4D56E0929744}.Release|Any CPU.ActiveCfg = Release|Any CPU
		{2EA12ABA-DABD-4CEC-A8EE-4D56E0929744}.Release|Any CPU.Build.0 = Release|Any CPU
	EndGlobalSection
EndGlobal
